// !$*UTF8*$!
{
	archiveVersion = 1;
	classes = {
	};
	objectVersion = 46;
	objects = {

/* Begin PBXBuildFile section */
		373773C11FE4676D00F139F2 /* main.m in Sources */ = {isa = PBXBuildFile; fileRef = 373773C01FE4676D00F139F2 /* main.m */; };
		373773C41FE4676D00F139F2 /* AppDelegate.m in Sources */ = {isa = PBXBuildFile; fileRef = 373773C31FE4676D00F139F2 /* AppDelegate.m */; };
		373773C71FE4676E00F139F2 /* ViewController.m in Sources */ = {isa = PBXBuildFile; fileRef = 373773C61FE4676E00F139F2 /* ViewController.m */; };
		373773CA1FE4676E00F139F2 /* Main.storyboard in Resources */ = {isa = PBXBuildFile; fileRef = 373773C81FE4676E00F139F2 /* Main.storyboard */; };
		373773CC1FE4676E00F139F2 /* Assets.xcassets in Resources */ = {isa = PBXBuildFile; fileRef = 373773CB1FE4676E00F139F2 /* Assets.xcassets */; };
		373773CF1FE4676E00F139F2 /* LaunchScreen.storyboard in Resources */ = {isa = PBXBuildFile; fileRef = 373773CD1FE4676E00F139F2 /* LaunchScreen.storyboard */; };
		373773DA1FE4676E00F139F2 /* ZeitTests.m in Sources */ = {isa = PBXBuildFile; fileRef = 373773D91FE4676E00F139F2 /* ZeitTests.m */; };
		373773E51FE4676E00F139F2 /* ZeitUITests.m in Sources */ = {isa = PBXBuildFile; fileRef = 373773E41FE4676E00F139F2 /* ZeitUITests.m */; };
/* End PBXBuildFile section */

/* Begin PBXContainerItemProxy section */
		373773D61FE4676E00F139F2 /* PBXContainerItemProxy */ = {
			isa = PBXContainerItemProxy;
			containerPortal = 373773B41FE4676D00F139F2 /* Project object */;
			proxyType = 1;
			remoteGlobalIDString = 373773BB1FE4676D00F139F2;
			remoteInfo = Zeit;
		};
		373773E11FE4676E00F139F2 /* PBXContainerItemProxy */ = {
			isa = PBXContainerItemProxy;
			containerPortal = 373773B41FE4676D00F139F2 /* Project object */;
			proxyType = 1;
			remoteGlobalIDString = 373773BB1FE4676D00F139F2;
			remoteInfo = Zeit;
		};
/* End PBXContainerItemProxy section */

/* Begin PBXFileReference section */
		373773BC1FE4676D00F139F2 /* Zeit.app */ = {isa = PBXFileReference; explicitFileType = wrapper.application; includeInIndex = 0; path = Zeit.app; sourceTree = BUILT_PRODUCTS_DIR; };
		373773C01FE4676D00F139F2 /* main.m */ = {isa = PBXFileReference; lastKnownFileType = sourcecode.c.objc; path = main.m; sourceTree = "<group>"; };
		373773C21FE4676D00F139F2 /* AppDelegate.h */ = {isa = PBXFileReference; lastKnownFileType = sourcecode.c.h; path = AppDelegate.h; sourceTree = "<group>"; };
		373773C31FE4676D00F139F2 /* AppDelegate.m */ = {isa = PBXFileReference; lastKnownFileType = sourcecode.c.objc; path = AppDelegate.m; sourceTree = "<group>"; };
		373773C51FE4676E00F139F2 /* ViewController.h */ = {isa = PBXFileReference; lastKnownFileType = sourcecode.c.h; path = ViewController.h; sourceTree = "<group>"; };
		373773C61FE4676E00F139F2 /* ViewController.m */ = {isa = PBXFileReference; lastKnownFileType = sourcecode.c.objc; path = ViewController.m; sourceTree = "<group>"; };
		373773C91FE4676E00F139F2 /* Base */ = {isa = PBXFileReference; lastKnownFileType = file.storyboard; name = Base; path = Base.lproj/Main.storyboard; sourceTree = "<group>"; };
		373773CB1FE4676E00F139F2 /* Assets.xcassets */ = {isa = PBXFileReference; lastKnownFileType = folder.assetcatalog; path = Assets.xcassets; sourceTree = "<group>"; };
		373773CE1FE4676E00F139F2 /* Base */ = {isa = PBXFileReference; lastKnownFileType = file.storyboard; name = Base; path = Base.lproj/LaunchScreen.storyboard; sourceTree = "<group>"; };
		373773D01FE4676E00F139F2 /* Info.plist */ = {isa = PBXFileReference; lastKnownFileType = text.plist.xml; path = Info.plist; sourceTree = "<group>"; };
		373773D51FE4676E00F139F2 /* ZeitTests.xctest */ = {isa = PBXFileReference; explicitFileType = wrapper.cfbundle; includeInIndex = 0; path = ZeitTests.xctest; sourceTree = BUILT_PRODUCTS_DIR; };
		373773D91FE4676E00F139F2 /* ZeitTests.m */ = {isa = PBXFileReference; lastKnownFileType = sourcecode.c.objc; path = ZeitTests.m; sourceTree = "<group>"; };
		373773DB1FE4676E00F139F2 /* Info.plist */ = {isa = PBXFileReference; lastKnownFileType = text.plist.xml; path = Info.plist; sourceTree = "<group>"; };
		373773E01FE4676E00F139F2 /* ZeitUITests.xctest */ = {isa = PBXFileReference; explicitFileType = wrapper.cfbundle; includeInIndex = 0; path = ZeitUITests.xctest; sourceTree = BUILT_PRODUCTS_DIR; };
		373773E41FE4676E00F139F2 /* ZeitUITests.m */ = {isa = PBXFileReference; lastKnownFileType = sourcecode.c.objc; path = ZeitUITests.m; sourceTree = "<group>"; };
		373773E61FE4676E00F139F2 /* Info.plist */ = {isa = PBXFileReference; lastKnownFileType = text.plist.xml; path = Info.plist; sourceTree = "<group>"; };
/* End PBXFileReference section */

/* Begin PBXFrameworksBuildPhase section */
		373773B91FE4676D00F139F2 /* Frameworks */ = {
			isa = PBXFrameworksBuildPhase;
			buildActionMask = 2147483647;
			files = (
			);
			runOnlyForDeploymentPostprocessing = 0;
		};
		373773D21FE4676E00F139F2 /* Frameworks */ = {
			isa = PBXFrameworksBuildPhase;
			buildActionMask = 2147483647;
			files = (
			);
			runOnlyForDeploymentPostprocessing = 0;
		};
		373773DD1FE4676E00F139F2 /* Frameworks */ = {
			isa = PBXFrameworksBuildPhase;
			buildActionMask = 2147483647;
			files = (
			);
			runOnlyForDeploymentPostprocessing = 0;
		};
/* End PBXFrameworksBuildPhase section */

/* Begin PBXGroup section */
		373773B31FE4676D00F139F2 = {
			isa = PBXGroup;
			children = (
				373773BE1FE4676D00F139F2 /* Zeit */,
				373773D81FE4676E00F139F2 /* ZeitTests */,
				373773E31FE4676E00F139F2 /* ZeitUITests */,
				373773BD1FE4676D00F139F2 /* Products */,
			);
			sourceTree = "<group>";
		};
		373773BD1FE4676D00F139F2 /* Products */ = {
			isa = PBXGroup;
			children = (
				373773BC1FE4676D00F139F2 /* Zeit.app */,
				373773D51FE4676E00F139F2 /* ZeitTests.xctest */,
				373773E01FE4676E00F139F2 /* ZeitUITests.xctest */,
			);
			name = Products;
			sourceTree = "<group>";
		};
		373773BE1FE4676D00F139F2 /* Zeit */ = {
			isa = PBXGroup;
			children = (
				373773C21FE4676D00F139F2 /* AppDelegate.h */,
				373773C31FE4676D00F139F2 /* AppDelegate.m */,
				373773C51FE4676E00F139F2 /* ViewController.h */,
				373773C61FE4676E00F139F2 /* ViewController.m */,
				373773C81FE4676E00F139F2 /* Main.storyboard */,
				373773CB1FE4676E00F139F2 /* Assets.xcassets */,
				373773CD1FE4676E00F139F2 /* LaunchScreen.storyboard */,
				373773D01FE4676E00F139F2 /* Info.plist */,
				373773BF1FE4676D00F139F2 /* Supporting Files */,
			);
			path = Zeit;
			sourceTree = "<group>";
		};
		373773BF1FE4676D00F139F2 /* Supporting Files */ = {
			isa = PBXGroup;
			children = (
				373773C01FE4676D00F139F2 /* main.m */,
			);
			name = "Supporting Files";
			sourceTree = "<group>";
		};
		373773D81FE4676E00F139F2 /* ZeitTests */ = {
			isa = PBXGroup;
			children = (
				373773D91FE4676E00F139F2 /* ZeitTests.m */,
				373773DB1FE4676E00F139F2 /* Info.plist */,
			);
			path = ZeitTests;
			sourceTree = "<group>";
		};
		373773E31FE4676E00F139F2 /* ZeitUITests */ = {
			isa = PBXGroup;
			children = (
				373773E41FE4676E00F139F2 /* ZeitUITests.m */,
				373773E61FE4676E00F139F2 /* Info.plist */,
			);
			path = ZeitUITests;
			sourceTree = "<group>";
		};
/* End PBXGroup section */

/* Begin PBXNativeTarget section */
		373773BB1FE4676D00F139F2 /* Zeit */ = {
			isa = PBXNativeTarget;
			buildConfigurationList = 373773E91FE4676E00F139F2 /* Build configuration list for PBXNativeTarget "Zeit" */;
			buildPhases = (
				373773B81FE4676D00F139F2 /* Sources */,
				373773B91FE4676D00F139F2 /* Frameworks */,
				373773BA1FE4676D00F139F2 /* Resources */,
			);
			buildRules = (
			);
			dependencies = (
			);
			name = Zeit;
			productName = Zeit;
			productReference = 373773BC1FE4676D00F139F2 /* Zeit.app */;
			productType = "com.apple.product-type.application";
		};
		373773D41FE4676E00F139F2 /* ZeitTests */ = {
			isa = PBXNativeTarget;
			buildConfigurationList = 373773EC1FE4676E00F139F2 /* Build configuration list for PBXNativeTarget "ZeitTests" */;
			buildPhases = (
				373773D11FE4676E00F139F2 /* Sources */,
				373773D21FE4676E00F139F2 /* Frameworks */,
				373773D31FE4676E00F139F2 /* Resources */,
			);
			buildRules = (
			);
			dependencies = (
				373773D71FE4676E00F139F2 /* PBXTargetDependency */,
			);
			name = ZeitTests;
			productName = ZeitTests;
			productReference = 373773D51FE4676E00F139F2 /* ZeitTests.xctest */;
			productType = "com.apple.product-type.bundle.unit-test";
		};
		373773DF1FE4676E00F139F2 /* ZeitUITests */ = {
			isa = PBXNativeTarget;
			buildConfigurationList = 373773EF1FE4676E00F139F2 /* Build configuration list for PBXNativeTarget "ZeitUITests" */;
			buildPhases = (
				373773DC1FE4676E00F139F2 /* Sources */,
				373773DD1FE4676E00F139F2 /* Frameworks */,
				373773DE1FE4676E00F139F2 /* Resources */,
			);
			buildRules = (
			);
			dependencies = (
				373773E21FE4676E00F139F2 /* PBXTargetDependency */,
			);
			name = ZeitUITests;
			productName = ZeitUITests;
			productReference = 373773E01FE4676E00F139F2 /* ZeitUITests.xctest */;
			productType = "com.apple.product-type.bundle.ui-testing";
		};
/* End PBXNativeTarget section */

/* Begin PBXProject section */
		373773B41FE4676D00F139F2 /* Project object */ = {
			isa = PBXProject;
			attributes = {
				LastUpgradeCheck = 0820;
				ORGANIZATIONNAME = Zeit;
				TargetAttributes = {
					373773BB1FE4676D00F139F2 = {
						CreatedOnToolsVersion = 8.2.1;
						ProvisioningStyle = Automatic;
					};
					373773D41FE4676E00F139F2 = {
						CreatedOnToolsVersion = 8.2.1;
						ProvisioningStyle = Automatic;
						TestTargetID = 373773BB1FE4676D00F139F2;
					};
					373773DF1FE4676E00F139F2 = {
						CreatedOnToolsVersion = 8.2.1;
						ProvisioningStyle = Automatic;
						TestTargetID = 373773BB1FE4676D00F139F2;
					};
				};
			};
			buildConfigurationList = 373773B71FE4676D00F139F2 /* Build configuration list for PBXProject "Zeit" */;
			compatibilityVersion = "Xcode 3.2";
			developmentRegion = English;
			hasScannedForEncodings = 0;
			knownRegions = (
				en,
				Base,
			);
			mainGroup = 373773B31FE4676D00F139F2;
			productRefGroup = 373773BD1FE4676D00F139F2 /* Products */;
			projectDirPath = "";
			projectRoot = "";
			targets = (
				373773BB1FE4676D00F139F2 /* Zeit */,
				373773D41FE4676E00F139F2 /* ZeitTests */,
				373773DF1FE4676E00F139F2 /* ZeitUITests */,
			);
		};
/* End PBXProject section */

/* Begin PBXResourcesBuildPhase section */
		373773BA1FE4676D00F139F2 /* Resources */ = {
			isa = PBXResourcesBuildPhase;
			buildActionMask = 2147483647;
			files = (
				373773CF1FE4676E00F139F2 /* LaunchScreen.storyboard in Resources */,
				373773CC1FE4676E00F139F2 /* Assets.xcassets in Resources */,
				373773CA1FE4676E00F139F2 /* Main.storyboard in Resources */,
			);
			runOnlyForDeploymentPostprocessing = 0;
		};
		373773D31FE4676E00F139F2 /* Resources */ = {
			isa = PBXResourcesBuildPhase;
			buildActionMask = 2147483647;
			files = (
			);
			runOnlyForDeploymentPostprocessing = 0;
		};
		373773DE1FE4676E00F139F2 /* Resources */ = {
			isa = PBXResourcesBuildPhase;
			buildActionMask = 2147483647;
			files = (
			);
			runOnlyForDeploymentPostprocessing = 0;
		};
/* End PBXResourcesBuildPhase section */

/* Begin PBXSourcesBuildPhase section */
		373773B81FE4676D00F139F2 /* Sources */ = {
			isa = PBXSourcesBuildPhase;
			buildActionMask = 2147483647;
			files = (
				373773C71FE4676E00F139F2 /* ViewController.m in Sources */,
				373773C41FE4676D00F139F2 /* AppDelegate.m in Sources */,
				373773C11FE4676D00F139F2 /* main.m in Sources */,
			);
			runOnlyForDeploymentPostprocessing = 0;
		};
		373773D11FE4676E00F139F2 /* Sources */ = {
			isa = PBXSourcesBuildPhase;
			buildActionMask = 2147483647;
			files = (
				373773DA1FE4676E00F139F2 /* ZeitTests.m in Sources */,
			);
			runOnlyForDeploymentPostprocessing = 0;
		};
		373773DC1FE4676E00F139F2 /* Sources */ = {
			isa = PBXSourcesBuildPhase;
			buildActionMask = 2147483647;
			files = (
				373773E51FE4676E00F139F2 /* ZeitUITests.m in Sources */,
			);
			runOnlyForDeploymentPostprocessing = 0;
		};
/* End PBXSourcesBuildPhase section */

/* Begin PBXTargetDependency section */
		373773D71FE4676E00F139F2 /* PBXTargetDependency */ = {
			isa = PBXTargetDependency;
			target = 373773BB1FE4676D00F139F2 /* Zeit */;
			targetProxy = 373773D61FE4676E00F139F2 /* PBXContainerItemProxy */;
		};
		373773E21FE4676E00F139F2 /* PBXTargetDependency */ = {
			isa = PBXTargetDependency;
			target = 373773BB1FE4676D00F139F2 /* Zeit */;
			targetProxy = 373773E11FE4676E00F139F2 /* PBXContainerItemProxy */;
		};
/* End PBXTargetDependency section */

/* Begin PBXVariantGroup section */
		373773C81FE4676E00F139F2 /* Main.storyboard */ = {
			isa = PBXVariantGroup;
			children = (
				373773C91FE4676E00F139F2 /* Base */,
			);
			name = Main.storyboard;
			sourceTree = "<group>";
		};
		373773CD1FE4676E00F139F2 /* LaunchScreen.storyboard */ = {
			isa = PBXVariantGroup;
			children = (
				373773CE1FE4676E00F139F2 /* Base */,
			);
			name = LaunchScreen.storyboard;
			sourceTree = "<group>";
		};
/* End PBXVariantGroup section */

/* Begin XCBuildConfiguration section */
		373773E71FE4676E00F139F2 /* Debug */ = {
			isa = XCBuildConfiguration;
			buildSettings = {
				ALWAYS_SEARCH_USER_PATHS = NO;
				CLANG_ANALYZER_NONNULL = YES;
				CLANG_CXX_LANGUAGE_STANDARD = "gnu++0x";
				CLANG_CXX_LIBRARY = "libc++";
				CLANG_ENABLE_MODULES = YES;
				CLANG_ENABLE_OBJC_ARC = YES;
				CLANG_WARN_BOOL_CONVERSION = YES;
				CLANG_WARN_CONSTANT_CONVERSION = YES;
				CLANG_WARN_DIRECT_OBJC_ISA_USAGE = YES_ERROR;
				CLANG_WARN_DOCUMENTATION_COMMENTS = YES;
				CLANG_WARN_EMPTY_BODY = YES;
				CLANG_WARN_ENUM_CONVERSION = YES;
				CLANG_WARN_INFINITE_RECURSION = YES;
				CLANG_WARN_INT_CONVERSION = YES;
				CLANG_WARN_OBJC_ROOT_CLASS = YES_ERROR;
				CLANG_WARN_SUSPICIOUS_MOVE = YES;
				CLANG_WARN_UNREACHABLE_CODE = YES;
				CLANG_WARN__DUPLICATE_METHOD_MATCH = YES;
				"CODE_SIGN_IDENTITY[sdk=iphoneos*]" = "iPhone Developer";
				COPY_PHASE_STRIP = NO;
				DEBUG_INFORMATION_FORMAT = dwarf;
				ENABLE_STRICT_OBJC_MSGSEND = YES;
				ENABLE_TESTABILITY = YES;
				GCC_C_LANGUAGE_STANDARD = gnu99;
				GCC_DYNAMIC_NO_PIC = NO;
				GCC_NO_COMMON_BLOCKS = YES;
				GCC_OPTIMIZATION_LEVEL = 0;
				GCC_PREPROCESSOR_DEFINITIONS = (
					"DEBUG=1",
					"$(inherited)",
				);
				GCC_WARN_64_TO_32_BIT_CONVERSION = YES;
				GCC_WARN_ABOUT_RETURN_TYPE = YES_ERROR;
				GCC_WARN_UNDECLARED_SELECTOR = YES;
				GCC_WARN_UNINITIALIZED_AUTOS = YES_AGGRESSIVE;
				GCC_WARN_UNUSED_FUNCTION = YES;
				GCC_WARN_UNUSED_VARIABLE = YES;
				IPHONEOS_DEPLOYMENT_TARGET = 10.2;
				MTL_ENABLE_DEBUG_INFO = YES;
				ONLY_ACTIVE_ARCH = YES;
				SDKROOT = iphoneos;
				TARGETED_DEVICE_FAMILY = "1,2";
			};
			name = Debug;
		};
		373773E81FE4676E00F139F2 /* Release */ = {
			isa = XCBuildConfiguration;
			buildSettings = {
				ALWAYS_SEARCH_USER_PATHS = NO;
				CLANG_ANALYZER_NONNULL = YES;
				CLANG_CXX_LANGUAGE_STANDARD = "gnu++0x";
				CLANG_CXX_LIBRARY = "libc++";
				CLANG_ENABLE_MODULES = YES;
				CLANG_ENABLE_OBJC_ARC = YES;
				CLANG_WARN_BOOL_CONVERSION = YES;
				CLANG_WARN_CONSTANT_CONVERSION = YES;
				CLANG_WARN_DIRECT_OBJC_ISA_USAGE = YES_ERROR;
				CLANG_WARN_DOCUMENTATION_COMMENTS = YES;
				CLANG_WARN_EMPTY_BODY = YES;
				CLANG_WARN_ENUM_CONVERSION = YES;
				CLANG_WARN_INFINITE_RECURSION = YES;
				CLANG_WARN_INT_CONVERSION = YES;
				CLANG_WARN_OBJC_ROOT_CLASS = YES_ERROR;
				CLANG_WARN_SUSPICIOUS_MOVE = YES;
				CLANG_WARN_UNREACHABLE_CODE = YES;
				CLANG_WARN__DUPLICATE_METHOD_MATCH = YES;
				"CODE_SIGN_IDENTITY[sdk=iphoneos*]" = "iPhone Developer";
				COPY_PHASE_STRIP = NO;
				DEBUG_INFORMATION_FORMAT = "dwarf-with-dsym";
				ENABLE_NS_ASSERTIONS = NO;
				ENABLE_STRICT_OBJC_MSGSEND = YES;
				GCC_C_LANGUAGE_STANDARD = gnu99;
				GCC_NO_COMMON_BLOCKS = YES;
				GCC_WARN_64_TO_32_BIT_CONVERSION = YES;
				GCC_WARN_ABOUT_RETURN_TYPE = YES_ERROR;
				GCC_WARN_UNDECLARED_SELECTOR = YES;
				GCC_WARN_UNINITIALIZED_AUTOS = YES_AGGRESSIVE;
				GCC_WARN_UNUSED_FUNCTION = YES;
				GCC_WARN_UNUSED_VARIABLE = YES;
				IPHONEOS_DEPLOYMENT_TARGET = 10.2;
				MTL_ENABLE_DEBUG_INFO = NO;
				SDKROOT = iphoneos;
				TARGETED_DEVICE_FAMILY = "1,2";
				VALIDATE_PRODUCT = YES;
			};
			name = Release;
		};
		373773EA1FE4676E00F139F2 /* Debug */ = {
			isa = XCBuildConfiguration;
			buildSettings = {
				ASSETCATALOG_COMPILER_APPICON_NAME = AppIcon;
				INFOPLIST_FILE = Zeit/Info.plist;
				LD_RUNPATH_SEARCH_PATHS = "$(inherited) @executable_path/Frameworks";
				PRODUCT_BUNDLE_IDENTIFIER = zeit.Zeit;
				PRODUCT_NAME = "$(TARGET_NAME)";
			};
			name = Debug;
		};
		373773EB1FE4676E00F139F2 /* Release */ = {
			isa = XCBuildConfiguration;
			buildSettings = {
				ASSETCATALOG_COMPILER_APPICON_NAME = AppIcon;
				INFOPLIST_FILE = Zeit/Info.plist;
				LD_RUNPATH_SEARCH_PATHS = "$(inherited) @executable_path/Frameworks";
				PRODUCT_BUNDLE_IDENTIFIER = zeit.Zeit;
				PRODUCT_NAME = "$(TARGET_NAME)";
			};
			name = Release;
		};
		373773ED1FE4676E00F139F2 /* Debug */ = {
			isa = XCBuildConfiguration;
			buildSettings = {
				BUNDLE_LOADER = "$(TEST_HOST)";
				INFOPLIST_FILE = ZeitTests/Info.plist;
				LD_RUNPATH_SEARCH_PATHS = "$(inherited) @executable_path/Frameworks @loader_path/Frameworks";
				PRODUCT_BUNDLE_IDENTIFIER = zeit.ZeitTests;
				PRODUCT_NAME = "$(TARGET_NAME)";
				TEST_HOST = "$(BUILT_PRODUCTS_DIR)/Zeit.app/Zeit";
			};
			name = Debug;
		};
		373773EE1FE4676E00F139F2 /* Release */ = {
			isa = XCBuildConfiguration;
			buildSettings = {
				BUNDLE_LOADER = "$(TEST_HOST)";
				INFOPLIST_FILE = ZeitTests/Info.plist;
				LD_RUNPATH_SEARCH_PATHS = "$(inherited) @executable_path/Frameworks @loader_path/Frameworks";
				PRODUCT_BUNDLE_IDENTIFIER = zeit.ZeitTests;
				PRODUCT_NAME = "$(TARGET_NAME)";
				TEST_HOST = "$(BUILT_PRODUCTS_DIR)/Zeit.app/Zeit";
			};
			name = Release;
		};
		373773F01FE4676E00F139F2 /* Debug */ = {
			isa = XCBuildConfiguration;
			buildSettings = {
				INFOPLIST_FILE = ZeitUITests/Info.plist;
				LD_RUNPATH_SEARCH_PATHS = "$(inherited) @executable_path/Frameworks @loader_path/Frameworks";
				PRODUCT_BUNDLE_IDENTIFIER = zeit.ZeitUITests;
				PRODUCT_NAME = "$(TARGET_NAME)";
				TEST_TARGET_NAME = Zeit;
			};
			name = Debug;
		};
		373773F11FE4676E00F139F2 /* Release */ = {
			isa = XCBuildConfiguration;
			buildSettings = {
				INFOPLIST_FILE = ZeitUITests/Info.plist;
				LD_RUNPATH_SEARCH_PATHS = "$(inherited) @executable_path/Frameworks @loader_path/Frameworks";
				PRODUCT_BUNDLE_IDENTIFIER = zeit.ZeitUITests;
				PRODUCT_NAME = "$(TARGET_NAME)";
				TEST_TARGET_NAME = Zeit;
			};
			name = Release;
		};
/* End XCBuildConfiguration section */

/* Begin XCConfigurationList section */
		373773B71FE4676D00F139F2 /* Build configuration list for PBXProject "Zeit" */ = {
			isa = XCConfigurationList;
			buildConfigurations = (
				373773E71FE4676E00F139F2 /* Debug */,
				373773E81FE4676E00F139F2 /* Release */,
			);
			defaultConfigurationIsVisible = 0;
			defaultConfigurationName = Release;
		};
		373773E91FE4676E00F139F2 /* Build configuration list for PBXNativeTarget "Zeit" */ = {
			isa = XCConfigurationList;
			buildConfigurations = (
				373773EA1FE4676E00F139F2 /* Debug */,
				373773EB1FE4676E00F139F2 /* Release */,
			);
			defaultConfigurationIsVisible = 0;
		};
		373773EC1FE4676E00F139F2 /* Build configuration list for PBXNativeTarget "ZeitTests" */ = {
			isa = XCConfigurationList;
			buildConfigurations = (
				373773ED1FE4676E00F139F2 /* Debug */,
				373773EE1FE4676E00F139F2 /* Release */,
			);
			defaultConfigurationIsVisible = 0;
		};
		373773EF1FE4676E00F139F2 /* Build configuration list for PBXNativeTarget "ZeitUITests" */ = {
			isa = XCConfigurationList;
			buildConfigurations = (
				373773F01FE4676E00F139F2 /* Debug */,
				373773F11FE4676E00F139F2 /* Release */,
			);
			defaultConfigurationIsVisible = 0;
		};
/* End XCConfigurationList section */
	};
	rootObject = 373773B41FE4676D00F139F2 /* Project object */;
}
